Microsoft Visual Studio Solution File, Format Version 12.00
# Visual Studio 15
Project("{8BC9CEB8-8B4A-11D0-8D11-00A0C91BC942}") = "ALL_BUILD", "ALL_BUILD.vcxproj", "{6B0E5332-819C-33F0-9C7E-F147A9B04625}"
	ProjectSection(ProjectDependencies) = postProject
		{E988716C-86F4-386F-B0F2-3FF60FF35F77} = {E988716C-86F4-386F-B0F2-3FF60FF35F77}
		{726E2DAF-C9CF-3D32-84FB-9B9E4B0FBBB5} = {726E2DAF-C9CF-3D32-84FB-9B9E4B0FBBB5}
		{ACFACC7F-F59F-30E6-BEB5-8D626E8F0B2C} = {ACFACC7F-F59F-30E6-BEB5-8D626E8F0B2C}
		{A4145569-AC6A-3E26-9732-9918E2D06620} = {A4145569-AC6A-3E26-9732-9918E2D06620}
		{1790E84A-3060-354D-8C67-23F9A7CD5286} = {1790E84A-3060-354D-8C67-23F9A7CD5286}
	EndProjectSection
EndProject
Project("{8BC9CEB8-8B4A-11D0-8D11-00A0C91BC942}") = "INSTALL", "INSTALL.vcxproj", "{A43436B8-1115-3069-BC76-4D4F0BA2E173}"
	ProjectSection(ProjectDependencies) = postProject
		{6B0E5332-819C-33F0-9C7E-F147A9B04625} = {6B0E5332-819C-33F0-9C7E-F147A9B04625}
		{E988716C-86F4-386F-B0F2-3FF60FF35F77} = {E988716C-86F4-386F-B0F2-3FF60FF35F77}
	EndProjectSection
EndProject
Project("{8BC9CEB8-8B4A-11D0-8D11-00A0C91BC942}") = "ZERO_CHECK", "ZERO_CHECK.vcxproj", "{E988716C-86F4-386F-B0F2-3FF60FF35F77}"
	ProjectSection(ProjectDependencies) = postProject
	EndProjectSection
EndProject
Project("{8BC9CEB8-8B4A-11D0-8D11-00A0C91BC942}") = "glew", "glew.vcxproj", "{726E2DAF-C9CF-3D32-84FB-9B9E4B0FBBB5}"
	ProjectSection(ProjectDependencies) = postProject
		{E988716C-86F4-386F-B0F2-3FF60FF35F77} = {E988716C-86F4-386F-B0F2-3FF60FF35F77}
	EndProjectSection
EndProject
Project("{8BC9CEB8-8B4A-11D0-8D11-00A0C91BC942}") = "glew_s", "glew_s.vcxproj", "{ACFACC7F-F59F-30E6-BEB5-8D626E8F0B2C}"
	ProjectSection(ProjectDependencies) = postProject
		{E988716C-86F4-386F-B0F2-3FF60FF35F77} = {E988716C-86F4-386F-B0F2-3FF60FF35F77}
	EndProjectSection
EndProject
Project("{8BC9CEB8-8B4A-11D0-8D11-00A0C91BC942}") = "glewinfo", "glewinfo.vcxproj", "{A4145569-AC6A-3E26-9732-9918E2D06620}"
	ProjectSection(ProjectDependencies) = postProject
		{E988716C-86F4-386F-B0F2-3FF60FF35F77} = {E988716C-86F4-386F-B0F2-3FF60FF35F77}
		{726E2DAF-C9CF-3D32-84FB-9B9E4B0FBBB5} = {726E2DAF-C9CF-3D32-84FB-9B9E4B0FBBB5}
	EndProjectSection
EndProject
Project("{8BC9CEB8-8B4A-11D0-8D11-00A0C91BC942}") = "uninstall", "uninstall.vcxproj", "{2ADD240B-9F10-3A0C-888B-72ACD8670981}"
	ProjectSection(ProjectDependencies) = postProject
		{E988716C-86F4-386F-B0F2-3FF60FF35F77} = {E988716C-86F4-386F-B0F2-3FF60FF35F77}
	EndProjectSection
EndProject
Project("{8BC9CEB8-8B4A-11D0-8D11-00A0C91BC942}") = "visualinfo", "visualinfo.vcxproj", "{1790E84A-3060-354D-8C67-23F9A7CD5286}"
	ProjectSection(ProjectDependencies) = postProject
		{E988716C-86F4-386F-B0F2-3FF60FF35F77} = {E988716C-86F4-386F-B0F2-3FF60FF35F77}
		{726E2DAF-C9CF-3D32-84FB-9B9E4B0FBBB5} = {726E2DAF-C9CF-3D32-84FB-9B9E4B0FBBB5}
	EndProjectSection
EndProject
Global
	GlobalSection(SolutionConfigurationPlatforms) = preSolution
		Debug|x64 = Debug|x64
		Release|x64 = Release|x64
		MinSizeRel|x64 = MinSizeRel|x64
		RelWithDebInfo|x64 = RelWithDebInfo|x64
	EndGlobalSection
	GlobalSection(ProjectConfigurationPlatforms) = postSolution
		{6B0E5332-819C-33F0-9C7E-F147A9B04625}.Debug|x64.ActiveCfg = Debug|x64
		{6B0E5332-819C-33F0-9C7E-F147A9B04625}.Debug|x64.Build.0 = Debug|x64
		{6B0E5332-819C-33F0-9C7E-F147A9B04625}.Release|x64.ActiveCfg = Release|x64
		{6B0E5332-819C-33F0-9C7E-F147A9B04625}.Release|x64.Build.0 = Release|x64
		{6B0E5332-819C-33F0-9C7E-F147A9B04625}.MinSizeRel|x64.ActiveCfg = MinSizeRel|x64
		{6B0E5332-819C-33F0-9C7E-F147A9B04625}.MinSizeRel|x64.Build.0 = MinSizeRel|x64
		{6B0E5332-819C-33F0-9C7E-F147A9B04625}.RelWithDebInfo|x64.ActiveCfg = RelWithDebInfo|x64
		{6B0E5332-819C-33F0-9C7E-F147A9B04625}.RelWithDebInfo|x64.Build.0 = RelWithDebInfo|x64
		{A43436B8-1115-3069-BC76-4D4F0BA2E173}.Debug|x64.ActiveCfg = Debug|x64
		{A43436B8-1115-3069-BC76-4D4F0BA2E173}.Release|x64.ActiveCfg = Release|x64
		{A43436B8-1115-3069-BC76-4D4F0BA2E173}.MinSizeRel|x64.ActiveCfg = MinSizeRel|x64
		{A43436B8-1115-3069-BC76-4D4F0BA2E173}.RelWithDebInfo|x64.ActiveCfg = RelWithDebInfo|x64
		{E988716C-86F4-386F-B0F2-3FF60FF35F77}.Debug|x64.ActiveCfg = Debug|x64
		{E988716C-86F4-386F-B0F2-3FF60FF35F77}.Debug|x64.Build.0 = Debug|x64
		{E988716C-86F4-386F-B0F2-3FF60FF35F77}.Release|x64.ActiveCfg = Release|x64
		{E988716C-86F4-386F-B0F2-3FF60FF35F77}.Release|x64.Build.0 = Release|x64
		{E988716C-86F4-386F-B0F2-3FF60FF35F77}.MinSizeRel|x64.ActiveCfg = MinSizeRel|x64
		{E988716C-86F4-386F-B0F2-3FF60FF35F77}.MinSizeRel|x64.Build.0 = MinSizeRel|x64
		{E988716C-86F4-386F-B0F2-3FF60FF35F77}.RelWithDebInfo|x64.ActiveCfg = RelWithDebInfo|x64
		{E988716C-86F4-386F-B0F2-3FF60FF35F77}.RelWithDebInfo|x64.Build.0 = RelWithDebInfo|x64
		{726E2DAF-C9CF-3D32-84FB-9B9E4B0FBBB5}.Debug|x64.ActiveCfg = Debug|x64
		{726E2DAF-C9CF-3D32-84FB-9B9E4B0FBBB5}.Debug|x64.Build.0 = Debug|x64
		{726E2DAF-C9CF-3D32-84FB-9B9E4B0FBBB5}.Release|x64.ActiveCfg = Release|x64
		{726E2DAF-C9CF-3D32-84FB-9B9E4B0FBBB5}.Release|x64.Build.0 = Release|x64
		{726E2DAF-C9CF-3D32-84FB-9B9E4B0FBBB5}.MinSizeRel|x64.ActiveCfg = MinSizeRel|x64
		{726E2DAF-C9CF-3D32-84FB-9B9E4B0FBBB5}.MinSizeRel|x64.Build.0 = MinSizeRel|x64
		{726E2DAF-C9CF-3D32-84FB-9B9E4B0FBBB5}.RelWithDebInfo|x64.ActiveCfg = RelWithDebInfo|x64
		{726E2DAF-C9CF-3D32-84FB-9B9E4B0FBBB5}.RelWithDebInfo|x64.Build.0 = RelWithDebInfo|x64
		{ACFACC7F-F59F-30E6-BEB5-8D626E8F0B2C}.Debug|x64.ActiveCfg = Debug|x64
		{ACFACC7F-F59F-30E6-BEB5-8D626E8F0B2C}.Debug|x64.Build.0 = Debug|x64
		{ACFACC7F-F59F-30E6-BEB5-8D626E8F0B2C}.Release|x64.ActiveCfg = Release|x64
		{ACFACC7F-F59F-30E6-BEB5-8D626E8F0B2C}.Release|x64.Build.0 = Release|x64
		{ACFACC7F-F59F-30E6-BEB5-8D626E8F0B2C}.MinSizeRel|x64.ActiveCfg = MinSizeRel|x64
		{ACFACC7F-F59F-30E6-BEB5-8D626E8F0B2C}.MinSizeRel|x64.Build.0 = MinSizeRel|x64
		{ACFACC7F-F59F-30E6-BEB5-8D626E8F0B2C}.RelWithDebInfo|x64.ActiveCfg = RelWithDebInfo|x64
		{ACFACC7F-F59F-30E6-BEB5-8D626E8F0B2C}.RelWithDebInfo|x64.Build.0 = RelWithDebInfo|x64
		{A4145569-AC6A-3E26-9732-9918E2D06620}.Debug|x64.ActiveCfg = Debug|x64
		{A4145569-AC6A-3E26-9732-9918E2D06620}.Debug|x64.Build.0 = Debug|x64
		{A4145569-AC6A-3E26-9732-9918E2D06620}.Release|x64.ActiveCfg = Release|x64
		{A4145569-AC6A-3E26-9732-9918E2D06620}.Release|x64.Build.0 = Release|x64
		{A4145569-AC6A-3E26-9732-9918E2D06620}.MinSizeRel|x64.ActiveCfg = MinSizeRel|x64
		{A4145569-AC6A-3E26-9732-9918E2D06620}.MinSizeRel|x64.Build.0 = MinSizeRel|x64
		{A4145569-AC6A-3E26-9732-9918E2D06620}.RelWithDebInfo|x64.ActiveCfg = RelWithDebInfo|x64
		{A4145569-AC6A-3E26-9732-9918E2D06620}.RelWithDebInfo|x64.Build.0 = RelWithDebInfo|x64
		{2ADD240B-9F10-3A0C-888B-72ACD8670981}.Debug|x64.ActiveCfg = Debug|x64
		{2ADD240B-9F10-3A0C-888B-72ACD8670981}.Release|x64.ActiveCfg = Release|x64
		{2ADD240B-9F10-3A0C-888B-72ACD8670981}.MinSizeRel|x64.ActiveCfg = MinSizeRel|x64
		{2ADD240B-9F10-3A0C-888B-72ACD8670981}.RelWithDebInfo|x64.ActiveCfg = RelWithDebInfo|x64
		{1790E84A-3060-354D-8C67-23F9A7CD5286}.Debug|x64.ActiveCfg = Debug|x64
		{1790E84A-3060-354D-8C67-23F9A7CD5286}.Debug|x64.Build.0 = Debug|x64
		{1790E84A-3060-354D-8C67-23F9A7CD5286}.Release|x64.ActiveCfg = Release|x64
		{1790E84A-3060-354D-8C67-23F9A7CD5286}.Release|x64.Build.0 = Release|x64
		{1790E84A-3060-354D-8C67-23F9A7CD5286}.MinSizeRel|x64.ActiveCfg = MinSizeRel|x64
		{1790E84A-3060-354D-8C67-23F9A7CD5286}.MinSizeRel|x64.Build.0 = MinSizeRel|x64
		{1790E84A-3060-354D-8C67-23F9A7CD5286}.RelWithDebInfo|x64.ActiveCfg = RelWithDebInfo|x64
		{1790E84A-3060-354D-8C67-23F9A7CD5286}.RelWithDebInfo|x64.Build.0 = RelWithDebInfo|x64
	EndGlobalSection
	GlobalSection(ExtensibilityGlobals) = postSolution
		SolutionGuid = {1AAAD555-72BE-37F2-B503-29C6387C0C02}
	EndGlobalSection
	GlobalSection(ExtensibilityAddIns) = postSolution
	EndGlobalSection
EndGlobal
