<?xml version="1.0" encoding="UTF-8"?>
<Project ToolsVersion="15.0" xmlns="http://schemas.microsoft.com/developer/msbuild/2003">
  <ItemGroup>
    <ClCompile Include="C:\Users\Andres\source\repos\Graphics_Engine\Resources\GLFW\examples\simple.c">
      <Filter>Source Files</Filter>
    </ClCompile>
    <ClCompile Include="C:\Users\Andres\source\repos\Graphics_Engine\Resources\GLFW\deps\glad.c">
      <Filter>Source Files</Filter>
    </ClCompile>
  </ItemGroup>
  <ItemGroup>
    <ClInclude Include="C:\Users\Andres\source\repos\Graphics_Engine\Resources\GLFW\deps\glad\glad.h">
      <Filter>Header Files</Filter>
    </ClInclude>
  </ItemGroup>
  <ItemGroup>
    <CustomBuild Include="C:\Users\Andres\source\repos\Graphics_Engine\Resources\GLFW\examples\CMakeLists.txt" />
  </ItemGroup>
  <ItemGroup>
    <ResourceCompile Include="C:\Users\Andres\source\repos\Graphics_Engine\Resources\GLFW\examples\glfw.rc">
      <Filter>Source Files</Filter>
    </ResourceCompile>
  </ItemGroup>
  <ItemGroup>
    <Filter Include="Source Files">
      <UniqueIdentifier>{B53046EE-4DC3-3483-9414-B351EFB04D25}</UniqueIdentifier>
    </Filter>
    <Filter Include="Header Files">
      <UniqueIdentifier>{373CBE15-22AC-317E-860D-B357F233955F}</UniqueIdentifier>
    </Filter>
  </ItemGroup>
</Project>
