Microsoft Visual Studio Solution File, Format Version 12.00
# Visual Studio 15
Project("{2150E333-8FDC-42A3-9474-1A3956D46DE8}") = "CMakePredefinedTargets", "CMakePredefinedTargets", "{6EE2F2CB-6DCE-3060-B845-15E7C99A176D}"
EndProject
Project("{2150E333-8FDC-42A3-9474-1A3956D46DE8}") = "GLFW3", "GLFW3", "{580A90F3-B938-3AEF-9B67-7CD6E6C697D8}"
EndProject
Project("{2150E333-8FDC-42A3-9474-1A3956D46DE8}") = "Examples", "GLFW3\Examples", "{AB1A9010-A3ED-3D2A-9B6F-17BAED684988}"
EndProject
Project("{2150E333-8FDC-42A3-9474-1A3956D46DE8}") = "Tests", "GLFW3\Tests", "{4BE68430-CFE4-3131-A652-156B349F08A5}"
EndProject
Project("{8BC9CEB8-8B4A-11D0-8D11-00A0C91BC942}") = "ALL_BUILD", "ALL_BUILD.vcxproj", "{6447A6F5-452C-320F-9B75-6792EB9C5F58}"
	ProjectSection(ProjectDependencies) = postProject
		{3677D384-3260-32F0-9AEC-BF2095648FF0} = {3677D384-3260-32F0-9AEC-BF2095648FF0}
		{5E17D03F-1CDB-3AEF-96D7-2E7A6B9E3AAE} = {5E17D03F-1CDB-3AEF-96D7-2E7A6B9E3AAE}
		{DDCA4D54-6572-38E6-A79F-89897E8790D1} = {DDCA4D54-6572-38E6-A79F-89897E8790D1}
		{75A2ED4B-49BC-37A5-8763-E62F9E806738} = {75A2ED4B-49BC-37A5-8763-E62F9E806738}
		{7BB2134F-E8B8-3A94-B323-E8E4D8DD13AE} = {7BB2134F-E8B8-3A94-B323-E8E4D8DD13AE}
		{3F7F1190-1B5A-3B2B-BE6F-68BCC6C6D4AB} = {3F7F1190-1B5A-3B2B-BE6F-68BCC6C6D4AB}
		{E94C057B-8BAC-3CFA-8596-0882ED086AAF} = {E94C057B-8BAC-3CFA-8596-0882ED086AAF}
		{CB709B6D-0C48-3C72-9759-83D0A06E0B72} = {CB709B6D-0C48-3C72-9759-83D0A06E0B72}
		{E7F61001-C2A6-3D0F-AAFC-683F5E7E5E82} = {E7F61001-C2A6-3D0F-AAFC-683F5E7E5E82}
		{BBA0161F-6F56-3754-A527-04B3D5578941} = {BBA0161F-6F56-3754-A527-04B3D5578941}
		{00B7B659-C5B3-37F0-83F7-773654F32911} = {00B7B659-C5B3-37F0-83F7-773654F32911}
		{5CFD5AB2-360D-3A9B-9520-2E0EAB10850A} = {5CFD5AB2-360D-3A9B-9520-2E0EAB10850A}
		{0B43D488-F21C-3A89-B751-06A25388274D} = {0B43D488-F21C-3A89-B751-06A25388274D}
		{1FCC8661-760B-31C2-A74F-EF3D3BF129F9} = {1FCC8661-760B-31C2-A74F-EF3D3BF129F9}
		{9201632C-7928-3026-98D6-D5B8DE393185} = {9201632C-7928-3026-98D6-D5B8DE393185}
		{B8F2B6F0-6958-38D2-8A68-3E80173C63C9} = {B8F2B6F0-6958-38D2-8A68-3E80173C63C9}
		{6428181E-EAEF-3E7B-BBDC-9C591E980828} = {6428181E-EAEF-3E7B-BBDC-9C591E980828}
		{73503785-69E4-3A4E-BE15-4A99A45CD4D0} = {73503785-69E4-3A4E-BE15-4A99A45CD4D0}
		{263CC657-5222-3479-AFED-26599417B87A} = {263CC657-5222-3479-AFED-26599417B87A}
		{FDE8011F-D6FA-3EDA-87E2-2F649D1B5D0E} = {FDE8011F-D6FA-3EDA-87E2-2F649D1B5D0E}
		{03C7E494-E976-32EA-BA62-D813E0A5F800} = {03C7E494-E976-32EA-BA62-D813E0A5F800}
		{72E935DC-5F5E-3BA8-A73E-82D82855A134} = {72E935DC-5F5E-3BA8-A73E-82D82855A134}
		{BFAAF6B8-B7A9-3C51-80B6-5E58752C55DA} = {BFAAF6B8-B7A9-3C51-80B6-5E58752C55DA}
		{8906A8C4-6B57-319E-A3AE-F0ECBF56DDB8} = {8906A8C4-6B57-319E-A3AE-F0ECBF56DDB8}
		{861A152F-90A9-3952-A79F-44F23A39343B} = {861A152F-90A9-3952-A79F-44F23A39343B}
		{47CA1795-90DD-3FD8-8B77-544B42B704E5} = {47CA1795-90DD-3FD8-8B77-544B42B704E5}
		{0AD7430B-A2EF-3AB0-BA96-6FB1A7EF1753} = {0AD7430B-A2EF-3AB0-BA96-6FB1A7EF1753}
	EndProjectSection
EndProject
Project("{8BC9CEB8-8B4A-11D0-8D11-00A0C91BC942}") = "INSTALL", "INSTALL.vcxproj", "{22DEAB72-BD64-3878-AF1D-2F4779A9F105}"
	ProjectSection(ProjectDependencies) = postProject
		{6447A6F5-452C-320F-9B75-6792EB9C5F58} = {6447A6F5-452C-320F-9B75-6792EB9C5F58}
		{3677D384-3260-32F0-9AEC-BF2095648FF0} = {3677D384-3260-32F0-9AEC-BF2095648FF0}
	EndProjectSection
EndProject
Project("{8BC9CEB8-8B4A-11D0-8D11-00A0C91BC942}") = "ZERO_CHECK", "ZERO_CHECK.vcxproj", "{3677D384-3260-32F0-9AEC-BF2095648FF0}"
	ProjectSection(ProjectDependencies) = postProject
	EndProjectSection
EndProject
Project("{8BC9CEB8-8B4A-11D0-8D11-00A0C91BC942}") = "boing", "examples\boing.vcxproj", "{5E17D03F-1CDB-3AEF-96D7-2E7A6B9E3AAE}"
	ProjectSection(ProjectDependencies) = postProject
		{3677D384-3260-32F0-9AEC-BF2095648FF0} = {3677D384-3260-32F0-9AEC-BF2095648FF0}
		{E7F61001-C2A6-3D0F-AAFC-683F5E7E5E82} = {E7F61001-C2A6-3D0F-AAFC-683F5E7E5E82}
	EndProjectSection
EndProject
Project("{8BC9CEB8-8B4A-11D0-8D11-00A0C91BC942}") = "clipboard", "tests\clipboard.vcxproj", "{DDCA4D54-6572-38E6-A79F-89897E8790D1}"
	ProjectSection(ProjectDependencies) = postProject
		{3677D384-3260-32F0-9AEC-BF2095648FF0} = {3677D384-3260-32F0-9AEC-BF2095648FF0}
		{E7F61001-C2A6-3D0F-AAFC-683F5E7E5E82} = {E7F61001-C2A6-3D0F-AAFC-683F5E7E5E82}
	EndProjectSection
EndProject
Project("{8BC9CEB8-8B4A-11D0-8D11-00A0C91BC942}") = "cursor", "tests\cursor.vcxproj", "{75A2ED4B-49BC-37A5-8763-E62F9E806738}"
	ProjectSection(ProjectDependencies) = postProject
		{3677D384-3260-32F0-9AEC-BF2095648FF0} = {3677D384-3260-32F0-9AEC-BF2095648FF0}
		{E7F61001-C2A6-3D0F-AAFC-683F5E7E5E82} = {E7F61001-C2A6-3D0F-AAFC-683F5E7E5E82}
	EndProjectSection
EndProject
Project("{8BC9CEB8-8B4A-11D0-8D11-00A0C91BC942}") = "empty", "tests\empty.vcxproj", "{7BB2134F-E8B8-3A94-B323-E8E4D8DD13AE}"
	ProjectSection(ProjectDependencies) = postProject
		{3677D384-3260-32F0-9AEC-BF2095648FF0} = {3677D384-3260-32F0-9AEC-BF2095648FF0}
		{E7F61001-C2A6-3D0F-AAFC-683F5E7E5E82} = {E7F61001-C2A6-3D0F-AAFC-683F5E7E5E82}
	EndProjectSection
EndProject
Project("{8BC9CEB8-8B4A-11D0-8D11-00A0C91BC942}") = "events", "tests\events.vcxproj", "{3F7F1190-1B5A-3B2B-BE6F-68BCC6C6D4AB}"
	ProjectSection(ProjectDependencies) = postProject
		{3677D384-3260-32F0-9AEC-BF2095648FF0} = {3677D384-3260-32F0-9AEC-BF2095648FF0}
		{E7F61001-C2A6-3D0F-AAFC-683F5E7E5E82} = {E7F61001-C2A6-3D0F-AAFC-683F5E7E5E82}
	EndProjectSection
EndProject
Project("{8BC9CEB8-8B4A-11D0-8D11-00A0C91BC942}") = "gamma", "tests\gamma.vcxproj", "{E94C057B-8BAC-3CFA-8596-0882ED086AAF}"
	ProjectSection(ProjectDependencies) = postProject
		{3677D384-3260-32F0-9AEC-BF2095648FF0} = {3677D384-3260-32F0-9AEC-BF2095648FF0}
		{E7F61001-C2A6-3D0F-AAFC-683F5E7E5E82} = {E7F61001-C2A6-3D0F-AAFC-683F5E7E5E82}
	EndProjectSection
EndProject
Project("{8BC9CEB8-8B4A-11D0-8D11-00A0C91BC942}") = "gears", "examples\gears.vcxproj", "{CB709B6D-0C48-3C72-9759-83D0A06E0B72}"
	ProjectSection(ProjectDependencies) = postProject
		{3677D384-3260-32F0-9AEC-BF2095648FF0} = {3677D384-3260-32F0-9AEC-BF2095648FF0}
		{E7F61001-C2A6-3D0F-AAFC-683F5E7E5E82} = {E7F61001-C2A6-3D0F-AAFC-683F5E7E5E82}
	EndProjectSection
EndProject
Project("{8BC9CEB8-8B4A-11D0-8D11-00A0C91BC942}") = "glfw", "src\glfw.vcxproj", "{E7F61001-C2A6-3D0F-AAFC-683F5E7E5E82}"
	ProjectSection(ProjectDependencies) = postProject
		{3677D384-3260-32F0-9AEC-BF2095648FF0} = {3677D384-3260-32F0-9AEC-BF2095648FF0}
	EndProjectSection
EndProject
Project("{8BC9CEB8-8B4A-11D0-8D11-00A0C91BC942}") = "glfwinfo", "tests\glfwinfo.vcxproj", "{BBA0161F-6F56-3754-A527-04B3D5578941}"
	ProjectSection(ProjectDependencies) = postProject
		{3677D384-3260-32F0-9AEC-BF2095648FF0} = {3677D384-3260-32F0-9AEC-BF2095648FF0}
		{E7F61001-C2A6-3D0F-AAFC-683F5E7E5E82} = {E7F61001-C2A6-3D0F-AAFC-683F5E7E5E82}
	EndProjectSection
EndProject
Project("{8BC9CEB8-8B4A-11D0-8D11-00A0C91BC942}") = "heightmap", "examples\heightmap.vcxproj", "{00B7B659-C5B3-37F0-83F7-773654F32911}"
	ProjectSection(ProjectDependencies) = postProject
		{3677D384-3260-32F0-9AEC-BF2095648FF0} = {3677D384-3260-32F0-9AEC-BF2095648FF0}
		{E7F61001-C2A6-3D0F-AAFC-683F5E7E5E82} = {E7F61001-C2A6-3D0F-AAFC-683F5E7E5E82}
	EndProjectSection
EndProject
Project("{8BC9CEB8-8B4A-11D0-8D11-00A0C91BC942}") = "icon", "tests\icon.vcxproj", "{5CFD5AB2-360D-3A9B-9520-2E0EAB10850A}"
	ProjectSection(ProjectDependencies) = postProject
		{3677D384-3260-32F0-9AEC-BF2095648FF0} = {3677D384-3260-32F0-9AEC-BF2095648FF0}
		{E7F61001-C2A6-3D0F-AAFC-683F5E7E5E82} = {E7F61001-C2A6-3D0F-AAFC-683F5E7E5E82}
	EndProjectSection
EndProject
Project("{8BC9CEB8-8B4A-11D0-8D11-00A0C91BC942}") = "iconify", "tests\iconify.vcxproj", "{0B43D488-F21C-3A89-B751-06A25388274D}"
	ProjectSection(ProjectDependencies) = postProject
		{3677D384-3260-32F0-9AEC-BF2095648FF0} = {3677D384-3260-32F0-9AEC-BF2095648FF0}
		{E7F61001-C2A6-3D0F-AAFC-683F5E7E5E82} = {E7F61001-C2A6-3D0F-AAFC-683F5E7E5E82}
	EndProjectSection
EndProject
Project("{8BC9CEB8-8B4A-11D0-8D11-00A0C91BC942}") = "joysticks", "tests\joysticks.vcxproj", "{1FCC8661-760B-31C2-A74F-EF3D3BF129F9}"
	ProjectSection(ProjectDependencies) = postProject
		{3677D384-3260-32F0-9AEC-BF2095648FF0} = {3677D384-3260-32F0-9AEC-BF2095648FF0}
		{E7F61001-C2A6-3D0F-AAFC-683F5E7E5E82} = {E7F61001-C2A6-3D0F-AAFC-683F5E7E5E82}
	EndProjectSection
EndProject
Project("{8BC9CEB8-8B4A-11D0-8D11-00A0C91BC942}") = "monitors", "tests\monitors.vcxproj", "{9201632C-7928-3026-98D6-D5B8DE393185}"
	ProjectSection(ProjectDependencies) = postProject
		{3677D384-3260-32F0-9AEC-BF2095648FF0} = {3677D384-3260-32F0-9AEC-BF2095648FF0}
		{E7F61001-C2A6-3D0F-AAFC-683F5E7E5E82} = {E7F61001-C2A6-3D0F-AAFC-683F5E7E5E82}
	EndProjectSection
EndProject
Project("{8BC9CEB8-8B4A-11D0-8D11-00A0C91BC942}") = "msaa", "tests\msaa.vcxproj", "{B8F2B6F0-6958-38D2-8A68-3E80173C63C9}"
	ProjectSection(ProjectDependencies) = postProject
		{3677D384-3260-32F0-9AEC-BF2095648FF0} = {3677D384-3260-32F0-9AEC-BF2095648FF0}
		{E7F61001-C2A6-3D0F-AAFC-683F5E7E5E82} = {E7F61001-C2A6-3D0F-AAFC-683F5E7E5E82}
	EndProjectSection
EndProject
Project("{8BC9CEB8-8B4A-11D0-8D11-00A0C91BC942}") = "particles", "examples\particles.vcxproj", "{6428181E-EAEF-3E7B-BBDC-9C591E980828}"
	ProjectSection(ProjectDependencies) = postProject
		{3677D384-3260-32F0-9AEC-BF2095648FF0} = {3677D384-3260-32F0-9AEC-BF2095648FF0}
		{E7F61001-C2A6-3D0F-AAFC-683F5E7E5E82} = {E7F61001-C2A6-3D0F-AAFC-683F5E7E5E82}
	EndProjectSection
EndProject
Project("{8BC9CEB8-8B4A-11D0-8D11-00A0C91BC942}") = "reopen", "tests\reopen.vcxproj", "{73503785-69E4-3A4E-BE15-4A99A45CD4D0}"
	ProjectSection(ProjectDependencies) = postProject
		{3677D384-3260-32F0-9AEC-BF2095648FF0} = {3677D384-3260-32F0-9AEC-BF2095648FF0}
		{E7F61001-C2A6-3D0F-AAFC-683F5E7E5E82} = {E7F61001-C2A6-3D0F-AAFC-683F5E7E5E82}
	EndProjectSection
EndProject
Project("{8BC9CEB8-8B4A-11D0-8D11-00A0C91BC942}") = "sharing", "tests\sharing.vcxproj", "{263CC657-5222-3479-AFED-26599417B87A}"
	ProjectSection(ProjectDependencies) = postProject
		{3677D384-3260-32F0-9AEC-BF2095648FF0} = {3677D384-3260-32F0-9AEC-BF2095648FF0}
		{E7F61001-C2A6-3D0F-AAFC-683F5E7E5E82} = {E7F61001-C2A6-3D0F-AAFC-683F5E7E5E82}
	EndProjectSection
EndProject
Project("{8BC9CEB8-8B4A-11D0-8D11-00A0C91BC942}") = "simple", "examples\simple.vcxproj", "{FDE8011F-D6FA-3EDA-87E2-2F649D1B5D0E}"
	ProjectSection(ProjectDependencies) = postProject
		{3677D384-3260-32F0-9AEC-BF2095648FF0} = {3677D384-3260-32F0-9AEC-BF2095648FF0}
		{E7F61001-C2A6-3D0F-AAFC-683F5E7E5E82} = {E7F61001-C2A6-3D0F-AAFC-683F5E7E5E82}
	EndProjectSection
EndProject
Project("{8BC9CEB8-8B4A-11D0-8D11-00A0C91BC942}") = "splitview", "examples\splitview.vcxproj", "{03C7E494-E976-32EA-BA62-D813E0A5F800}"
	ProjectSection(ProjectDependencies) = postProject
		{3677D384-3260-32F0-9AEC-BF2095648FF0} = {3677D384-3260-32F0-9AEC-BF2095648FF0}
		{E7F61001-C2A6-3D0F-AAFC-683F5E7E5E82} = {E7F61001-C2A6-3D0F-AAFC-683F5E7E5E82}
	EndProjectSection
EndProject
Project("{8BC9CEB8-8B4A-11D0-8D11-00A0C91BC942}") = "tearing", "tests\tearing.vcxproj", "{72E935DC-5F5E-3BA8-A73E-82D82855A134}"
	ProjectSection(ProjectDependencies) = postProject
		{3677D384-3260-32F0-9AEC-BF2095648FF0} = {3677D384-3260-32F0-9AEC-BF2095648FF0}
		{E7F61001-C2A6-3D0F-AAFC-683F5E7E5E82} = {E7F61001-C2A6-3D0F-AAFC-683F5E7E5E82}
	EndProjectSection
EndProject
Project("{8BC9CEB8-8B4A-11D0-8D11-00A0C91BC942}") = "threads", "tests\threads.vcxproj", "{BFAAF6B8-B7A9-3C51-80B6-5E58752C55DA}"
	ProjectSection(ProjectDependencies) = postProject
		{3677D384-3260-32F0-9AEC-BF2095648FF0} = {3677D384-3260-32F0-9AEC-BF2095648FF0}
		{E7F61001-C2A6-3D0F-AAFC-683F5E7E5E82} = {E7F61001-C2A6-3D0F-AAFC-683F5E7E5E82}
	EndProjectSection
EndProject
Project("{8BC9CEB8-8B4A-11D0-8D11-00A0C91BC942}") = "timeout", "tests\timeout.vcxproj", "{8906A8C4-6B57-319E-A3AE-F0ECBF56DDB8}"
	ProjectSection(ProjectDependencies) = postProject
		{3677D384-3260-32F0-9AEC-BF2095648FF0} = {3677D384-3260-32F0-9AEC-BF2095648FF0}
		{E7F61001-C2A6-3D0F-AAFC-683F5E7E5E82} = {E7F61001-C2A6-3D0F-AAFC-683F5E7E5E82}
	EndProjectSection
EndProject
Project("{8BC9CEB8-8B4A-11D0-8D11-00A0C91BC942}") = "title", "tests\title.vcxproj", "{861A152F-90A9-3952-A79F-44F23A39343B}"
	ProjectSection(ProjectDependencies) = postProject
		{3677D384-3260-32F0-9AEC-BF2095648FF0} = {3677D384-3260-32F0-9AEC-BF2095648FF0}
		{E7F61001-C2A6-3D0F-AAFC-683F5E7E5E82} = {E7F61001-C2A6-3D0F-AAFC-683F5E7E5E82}
	EndProjectSection
EndProject
Project("{8BC9CEB8-8B4A-11D0-8D11-00A0C91BC942}") = "uninstall", "uninstall.vcxproj", "{5A4B2B33-4FF4-3437-9390-110CF9868BB8}"
	ProjectSection(ProjectDependencies) = postProject
		{3677D384-3260-32F0-9AEC-BF2095648FF0} = {3677D384-3260-32F0-9AEC-BF2095648FF0}
	EndProjectSection
EndProject
Project("{8BC9CEB8-8B4A-11D0-8D11-00A0C91BC942}") = "wave", "examples\wave.vcxproj", "{47CA1795-90DD-3FD8-8B77-544B42B704E5}"
	ProjectSection(ProjectDependencies) = postProject
		{3677D384-3260-32F0-9AEC-BF2095648FF0} = {3677D384-3260-32F0-9AEC-BF2095648FF0}
		{E7F61001-C2A6-3D0F-AAFC-683F5E7E5E82} = {E7F61001-C2A6-3D0F-AAFC-683F5E7E5E82}
	EndProjectSection
EndProject
Project("{8BC9CEB8-8B4A-11D0-8D11-00A0C91BC942}") = "windows", "tests\windows.vcxproj", "{0AD7430B-A2EF-3AB0-BA96-6FB1A7EF1753}"
	ProjectSection(ProjectDependencies) = postProject
		{3677D384-3260-32F0-9AEC-BF2095648FF0} = {3677D384-3260-32F0-9AEC-BF2095648FF0}
		{E7F61001-C2A6-3D0F-AAFC-683F5E7E5E82} = {E7F61001-C2A6-3D0F-AAFC-683F5E7E5E82}
	EndProjectSection
EndProject
Global
	GlobalSection(SolutionConfigurationPlatforms) = preSolution
		Debug|x64 = Debug|x64
		Release|x64 = Release|x64
		MinSizeRel|x64 = MinSizeRel|x64
		RelWithDebInfo|x64 = RelWithDebInfo|x64
	EndGlobalSection
	GlobalSection(ProjectConfigurationPlatforms) = postSolution
		{6447A6F5-452C-320F-9B75-6792EB9C5F58}.Debug|x64.ActiveCfg = Debug|x64
		{6447A6F5-452C-320F-9B75-6792EB9C5F58}.Debug|x64.Build.0 = Debug|x64
		{6447A6F5-452C-320F-9B75-6792EB9C5F58}.Release|x64.ActiveCfg = Release|x64
		{6447A6F5-452C-320F-9B75-6792EB9C5F58}.Release|x64.Build.0 = Release|x64
		{6447A6F5-452C-320F-9B75-6792EB9C5F58}.MinSizeRel|x64.ActiveCfg = MinSizeRel|x64
		{6447A6F5-452C-320F-9B75-6792EB9C5F58}.MinSizeRel|x64.Build.0 = MinSizeRel|x64
		{6447A6F5-452C-320F-9B75-6792EB9C5F58}.RelWithDebInfo|x64.ActiveCfg = RelWithDebInfo|x64
		{6447A6F5-452C-320F-9B75-6792EB9C5F58}.RelWithDebInfo|x64.Build.0 = RelWithDebInfo|x64
		{22DEAB72-BD64-3878-AF1D-2F4779A9F105}.Debug|x64.ActiveCfg = Debug|x64
		{22DEAB72-BD64-3878-AF1D-2F4779A9F105}.Release|x64.ActiveCfg = Release|x64
		{22DEAB72-BD64-3878-AF1D-2F4779A9F105}.MinSizeRel|x64.ActiveCfg = MinSizeRel|x64
		{22DEAB72-BD64-3878-AF1D-2F4779A9F105}.RelWithDebInfo|x64.ActiveCfg = RelWithDebInfo|x64
		{3677D384-3260-32F0-9AEC-BF2095648FF0}.Debug|x64.ActiveCfg = Debug|x64
		{3677D384-3260-32F0-9AEC-BF2095648FF0}.Debug|x64.Build.0 = Debug|x64
		{3677D384-3260-32F0-9AEC-BF2095648FF0}.Release|x64.ActiveCfg = Release|x64
		{3677D384-3260-32F0-9AEC-BF2095648FF0}.Release|x64.Build.0 = Release|x64
		{3677D384-3260-32F0-9AEC-BF2095648FF0}.MinSizeRel|x64.ActiveCfg = MinSizeRel|x64
		{3677D384-3260-32F0-9AEC-BF2095648FF0}.MinSizeRel|x64.Build.0 = MinSizeRel|x64
		{3677D384-3260-32F0-9AEC-BF2095648FF0}.RelWithDebInfo|x64.ActiveCfg = RelWithDebInfo|x64
		{3677D384-3260-32F0-9AEC-BF2095648FF0}.RelWithDebInfo|x64.Build.0 = RelWithDebInfo|x64
		{5E17D03F-1CDB-3AEF-96D7-2E7A6B9E3AAE}.Debug|x64.ActiveCfg = Debug|x64
		{5E17D03F-1CDB-3AEF-96D7-2E7A6B9E3AAE}.Debug|x64.Build.0 = Debug|x64
		{5E17D03F-1CDB-3AEF-96D7-2E7A6B9E3AAE}.Release|x64.ActiveCfg = Release|x64
		{5E17D03F-1CDB-3AEF-96D7-2E7A6B9E3AAE}.Release|x64.Build.0 = Release|x64
		{5E17D03F-1CDB-3AEF-96D7-2E7A6B9E3AAE}.MinSizeRel|x64.ActiveCfg = MinSizeRel|x64
		{5E17D03F-1CDB-3AEF-96D7-2E7A6B9E3AAE}.MinSizeRel|x64.Build.0 = MinSizeRel|x64
		{5E17D03F-1CDB-3AEF-96D7-2E7A6B9E3AAE}.RelWithDebInfo|x64.ActiveCfg = RelWithDebInfo|x64
		{5E17D03F-1CDB-3AEF-96D7-2E7A6B9E3AAE}.RelWithDebInfo|x64.Build.0 = RelWithDebInfo|x64
		{DDCA4D54-6572-38E6-A79F-89897E8790D1}.Debug|x64.ActiveCfg = Debug|x64
		{DDCA4D54-6572-38E6-A79F-89897E8790D1}.Debug|x64.Build.0 = Debug|x64
		{DDCA4D54-6572-38E6-A79F-89897E8790D1}.Release|x64.ActiveCfg = Release|x64
		{DDCA4D54-6572-38E6-A79F-89897E8790D1}.Release|x64.Build.0 = Release|x64
		{DDCA4D54-6572-38E6-A79F-89897E8790D1}.MinSizeRel|x64.ActiveCfg = MinSizeRel|x64
		{DDCA4D54-6572-38E6-A79F-89897E8790D1}.MinSizeRel|x64.Build.0 = MinSizeRel|x64
		{DDCA4D54-6572-38E6-A79F-89897E8790D1}.RelWithDebInfo|x64.ActiveCfg = RelWithDebInfo|x64
		{DDCA4D54-6572-38E6-A79F-89897E8790D1}.RelWithDebInfo|x64.Build.0 = RelWithDebInfo|x64
		{75A2ED4B-49BC-37A5-8763-E62F9E806738}.Debug|x64.ActiveCfg = Debug|x64
		{75A2ED4B-49BC-37A5-8763-E62F9E806738}.Debug|x64.Build.0 = Debug|x64
		{75A2ED4B-49BC-37A5-8763-E62F9E806738}.Release|x64.ActiveCfg = Release|x64
		{75A2ED4B-49BC-37A5-8763-E62F9E806738}.Release|x64.Build.0 = Release|x64
		{75A2ED4B-49BC-37A5-8763-E62F9E806738}.MinSizeRel|x64.ActiveCfg = MinSizeRel|x64
		{75A2ED4B-49BC-37A5-8763-E62F9E806738}.MinSizeRel|x64.Build.0 = MinSizeRel|x64
		{75A2ED4B-49BC-37A5-8763-E62F9E806738}.RelWithDebInfo|x64.ActiveCfg = RelWithDebInfo|x64
		{75A2ED4B-49BC-37A5-8763-E62F9E806738}.RelWithDebInfo|x64.Build.0 = RelWithDebInfo|x64
		{7BB2134F-E8B8-3A94-B323-E8E4D8DD13AE}.Debug|x64.ActiveCfg = Debug|x64
		{7BB2134F-E8B8-3A94-B323-E8E4D8DD13AE}.Debug|x64.Build.0 = Debug|x64
		{7BB2134F-E8B8-3A94-B323-E8E4D8DD13AE}.Release|x64.ActiveCfg = Release|x64
		{7BB2134F-E8B8-3A94-B323-E8E4D8DD13AE}.Release|x64.Build.0 = Release|x64
		{7BB2134F-E8B8-3A94-B323-E8E4D8DD13AE}.MinSizeRel|x64.ActiveCfg = MinSizeRel|x64
		{7BB2134F-E8B8-3A94-B323-E8E4D8DD13AE}.MinSizeRel|x64.Build.0 = MinSizeRel|x64
		{7BB2134F-E8B8-3A94-B323-E8E4D8DD13AE}.RelWithDebInfo|x64.ActiveCfg = RelWithDebInfo|x64
		{7BB2134F-E8B8-3A94-B323-E8E4D8DD13AE}.RelWithDebInfo|x64.Build.0 = RelWithDebInfo|x64
		{3F7F1190-1B5A-3B2B-BE6F-68BCC6C6D4AB}.Debug|x64.ActiveCfg = Debug|x64
		{3F7F1190-1B5A-3B2B-BE6F-68BCC6C6D4AB}.Debug|x64.Build.0 = Debug|x64
		{3F7F1190-1B5A-3B2B-BE6F-68BCC6C6D4AB}.Release|x64.ActiveCfg = Release|x64
		{3F7F1190-1B5A-3B2B-BE6F-68BCC6C6D4AB}.Release|x64.Build.0 = Release|x64
		{3F7F1190-1B5A-3B2B-BE6F-68BCC6C6D4AB}.MinSizeRel|x64.ActiveCfg = MinSizeRel|x64
		{3F7F1190-1B5A-3B2B-BE6F-68BCC6C6D4AB}.MinSizeRel|x64.Build.0 = MinSizeRel|x64
		{3F7F1190-1B5A-3B2B-BE6F-68BCC6C6D4AB}.RelWithDebInfo|x64.ActiveCfg = RelWithDebInfo|x64
		{3F7F1190-1B5A-3B2B-BE6F-68BCC6C6D4AB}.RelWithDebInfo|x64.Build.0 = RelWithDebInfo|x64
		{E94C057B-8BAC-3CFA-8596-0882ED086AAF}.Debug|x64.ActiveCfg = Debug|x64
		{E94C057B-8BAC-3CFA-8596-0882ED086AAF}.Debug|x64.Build.0 = Debug|x64
		{E94C057B-8BAC-3CFA-8596-0882ED086AAF}.Release|x64.ActiveCfg = Release|x64
		{E94C057B-8BAC-3CFA-8596-0882ED086AAF}.Release|x64.Build.0 = Release|x64
		{E94C057B-8BAC-3CFA-8596-0882ED086AAF}.MinSizeRel|x64.ActiveCfg = MinSizeRel|x64
		{E94C057B-8BAC-3CFA-8596-0882ED086AAF}.MinSizeRel|x64.Build.0 = MinSizeRel|x64
		{E94C057B-8BAC-3CFA-8596-0882ED086AAF}.RelWithDebInfo|x64.ActiveCfg = RelWithDebInfo|x64
		{E94C057B-8BAC-3CFA-8596-0882ED086AAF}.RelWithDebInfo|x64.Build.0 = RelWithDebInfo|x64
		{CB709B6D-0C48-3C72-9759-83D0A06E0B72}.Debug|x64.ActiveCfg = Debug|x64
		{CB709B6D-0C48-3C72-9759-83D0A06E0B72}.Debug|x64.Build.0 = Debug|x64
		{CB709B6D-0C48-3C72-9759-83D0A06E0B72}.Release|x64.ActiveCfg = Release|x64
		{CB709B6D-0C48-3C72-9759-83D0A06E0B72}.Release|x64.Build.0 = Release|x64
		{CB709B6D-0C48-3C72-9759-83D0A06E0B72}.MinSizeRel|x64.ActiveCfg = MinSizeRel|x64
		{CB709B6D-0C48-3C72-9759-83D0A06E0B72}.MinSizeRel|x64.Build.0 = MinSizeRel|x64
		{CB709B6D-0C48-3C72-9759-83D0A06E0B72}.RelWithDebInfo|x64.ActiveCfg = RelWithDebInfo|x64
		{CB709B6D-0C48-3C72-9759-83D0A06E0B72}.RelWithDebInfo|x64.Build.0 = RelWithDebInfo|x64
		{E7F61001-C2A6-3D0F-AAFC-683F5E7E5E82}.Debug|x64.ActiveCfg = Debug|x64
		{E7F61001-C2A6-3D0F-AAFC-683F5E7E5E82}.Debug|x64.Build.0 = Debug|x64
		{E7F61001-C2A6-3D0F-AAFC-683F5E7E5E82}.Release|x64.ActiveCfg = Release|x64
		{E7F61001-C2A6-3D0F-AAFC-683F5E7E5E82}.Release|x64.Build.0 = Release|x64
		{E7F61001-C2A6-3D0F-AAFC-683F5E7E5E82}.MinSizeRel|x64.ActiveCfg = MinSizeRel|x64
		{E7F61001-C2A6-3D0F-AAFC-683F5E7E5E82}.MinSizeRel|x64.Build.0 = MinSizeRel|x64
		{E7F61001-C2A6-3D0F-AAFC-683F5E7E5E82}.RelWithDebInfo|x64.ActiveCfg = RelWithDebInfo|x64
		{E7F61001-C2A6-3D0F-AAFC-683F5E7E5E82}.RelWithDebInfo|x64.Build.0 = RelWithDebInfo|x64
		{BBA0161F-6F56-3754-A527-04B3D5578941}.Debug|x64.ActiveCfg = Debug|x64
		{BBA0161F-6F56-3754-A527-04B3D5578941}.Debug|x64.Build.0 = Debug|x64
		{BBA0161F-6F56-3754-A527-04B3D5578941}.Release|x64.ActiveCfg = Release|x64
		{BBA0161F-6F56-3754-A527-04B3D5578941}.Release|x64.Build.0 = Release|x64
		{BBA0161F-6F56-3754-A527-04B3D5578941}.MinSizeRel|x64.ActiveCfg = MinSizeRel|x64
		{BBA0161F-6F56-3754-A527-04B3D5578941}.MinSizeRel|x64.Build.0 = MinSizeRel|x64
		{BBA0161F-6F56-3754-A527-04B3D5578941}.RelWithDebInfo|x64.ActiveCfg = RelWithDebInfo|x64
		{BBA0161F-6F56-3754-A527-04B3D5578941}.RelWithDebInfo|x64.Build.0 = RelWithDebInfo|x64
		{00B7B659-C5B3-37F0-83F7-773654F32911}.Debug|x64.ActiveCfg = Debug|x64
		{00B7B659-C5B3-37F0-83F7-773654F32911}.Debug|x64.Build.0 = Debug|x64
		{00B7B659-C5B3-37F0-83F7-773654F32911}.Release|x64.ActiveCfg = Release|x64
		{00B7B659-C5B3-37F0-83F7-773654F32911}.Release|x64.Build.0 = Release|x64
		{00B7B659-C5B3-37F0-83F7-773654F32911}.MinSizeRel|x64.ActiveCfg = MinSizeRel|x64
		{00B7B659-C5B3-37F0-83F7-773654F32911}.MinSizeRel|x64.Build.0 = MinSizeRel|x64
		{00B7B659-C5B3-37F0-83F7-773654F32911}.RelWithDebInfo|x64.ActiveCfg = RelWithDebInfo|x64
		{00B7B659-C5B3-37F0-83F7-773654F32911}.RelWithDebInfo|x64.Build.0 = RelWithDebInfo|x64
		{5CFD5AB2-360D-3A9B-9520-2E0EAB10850A}.Debug|x64.ActiveCfg = Debug|x64
		{5CFD5AB2-360D-3A9B-9520-2E0EAB10850A}.Debug|x64.Build.0 = Debug|x64
		{5CFD5AB2-360D-3A9B-9520-2E0EAB10850A}.Release|x64.ActiveCfg = Release|x64
		{5CFD5AB2-360D-3A9B-9520-2E0EAB10850A}.Release|x64.Build.0 = Release|x64
		{5CFD5AB2-360D-3A9B-9520-2E0EAB10850A}.MinSizeRel|x64.ActiveCfg = MinSizeRel|x64
		{5CFD5AB2-360D-3A9B-9520-2E0EAB10850A}.MinSizeRel|x64.Build.0 = MinSizeRel|x64
		{5CFD5AB2-360D-3A9B-9520-2E0EAB10850A}.RelWithDebInfo|x64.ActiveCfg = RelWithDebInfo|x64
		{5CFD5AB2-360D-3A9B-9520-2E0EAB10850A}.RelWithDebInfo|x64.Build.0 = RelWithDebInfo|x64
		{0B43D488-F21C-3A89-B751-06A25388274D}.Debug|x64.ActiveCfg = Debug|x64
		{0B43D488-F21C-3A89-B751-06A25388274D}.Debug|x64.Build.0 = Debug|x64
		{0B43D488-F21C-3A89-B751-06A25388274D}.Release|x64.ActiveCfg = Release|x64
		{0B43D488-F21C-3A89-B751-06A25388274D}.Release|x64.Build.0 = Release|x64
		{0B43D488-F21C-3A89-B751-06A25388274D}.MinSizeRel|x64.ActiveCfg = MinSizeRel|x64
		{0B43D488-F21C-3A89-B751-06A25388274D}.MinSizeRel|x64.Build.0 = MinSizeRel|x64
		{0B43D488-F21C-3A89-B751-06A25388274D}.RelWithDebInfo|x64.ActiveCfg = RelWithDebInfo|x64
		{0B43D488-F21C-3A89-B751-06A25388274D}.RelWithDebInfo|x64.Build.0 = RelWithDebInfo|x64
		{1FCC8661-760B-31C2-A74F-EF3D3BF129F9}.Debug|x64.ActiveCfg = Debug|x64
		{1FCC8661-760B-31C2-A74F-EF3D3BF129F9}.Debug|x64.Build.0 = Debug|x64
		{1FCC8661-760B-31C2-A74F-EF3D3BF129F9}.Release|x64.ActiveCfg = Release|x64
		{1FCC8661-760B-31C2-A74F-EF3D3BF129F9}.Release|x64.Build.0 = Release|x64
		{1FCC8661-760B-31C2-A74F-EF3D3BF129F9}.MinSizeRel|x64.ActiveCfg = MinSizeRel|x64
		{1FCC8661-760B-31C2-A74F-EF3D3BF129F9}.MinSizeRel|x64.Build.0 = MinSizeRel|x64
		{1FCC8661-760B-31C2-A74F-EF3D3BF129F9}.RelWithDebInfo|x64.ActiveCfg = RelWithDebInfo|x64
		{1FCC8661-760B-31C2-A74F-EF3D3BF129F9}.RelWithDebInfo|x64.Build.0 = RelWithDebInfo|x64
		{9201632C-7928-3026-98D6-D5B8DE393185}.Debug|x64.ActiveCfg = Debug|x64
		{9201632C-7928-3026-98D6-D5B8DE393185}.Debug|x64.Build.0 = Debug|x64
		{9201632C-7928-3026-98D6-D5B8DE393185}.Release|x64.ActiveCfg = Release|x64
		{9201632C-7928-3026-98D6-D5B8DE393185}.Release|x64.Build.0 = Release|x64
		{9201632C-7928-3026-98D6-D5B8DE393185}.MinSizeRel|x64.ActiveCfg = MinSizeRel|x64
		{9201632C-7928-3026-98D6-D5B8DE393185}.MinSizeRel|x64.Build.0 = MinSizeRel|x64
		{9201632C-7928-3026-98D6-D5B8DE393185}.RelWithDebInfo|x64.ActiveCfg = RelWithDebInfo|x64
		{9201632C-7928-3026-98D6-D5B8DE393185}.RelWithDebInfo|x64.Build.0 = RelWithDebInfo|x64
		{B8F2B6F0-6958-38D2-8A68-3E80173C63C9}.Debug|x64.ActiveCfg = Debug|x64
		{B8F2B6F0-6958-38D2-8A68-3E80173C63C9}.Debug|x64.Build.0 = Debug|x64
		{B8F2B6F0-6958-38D2-8A68-3E80173C63C9}.Release|x64.ActiveCfg = Release|x64
		{B8F2B6F0-6958-38D2-8A68-3E80173C63C9}.Release|x64.Build.0 = Release|x64
		{B8F2B6F0-6958-38D2-8A68-3E80173C63C9}.MinSizeRel|x64.ActiveCfg = MinSizeRel|x64
		{B8F2B6F0-6958-38D2-8A68-3E80173C63C9}.MinSizeRel|x64.Build.0 = MinSizeRel|x64
		{B8F2B6F0-6958-38D2-8A68-3E80173C63C9}.RelWithDebInfo|x64.ActiveCfg = RelWithDebInfo|x64
		{B8F2B6F0-6958-38D2-8A68-3E80173C63C9}.RelWithDebInfo|x64.Build.0 = RelWithDebInfo|x64
		{6428181E-EAEF-3E7B-BBDC-9C591E980828}.Debug|x64.ActiveCfg = Debug|x64
		{6428181E-EAEF-3E7B-BBDC-9C591E980828}.Debug|x64.Build.0 = Debug|x64
		{6428181E-EAEF-3E7B-BBDC-9C591E980828}.Release|x64.ActiveCfg = Release|x64
		{6428181E-EAEF-3E7B-BBDC-9C591E980828}.Release|x64.Build.0 = Release|x64
		{6428181E-EAEF-3E7B-BBDC-9C591E980828}.MinSizeRel|x64.ActiveCfg = MinSizeRel|x64
		{6428181E-EAEF-3E7B-BBDC-9C591E980828}.MinSizeRel|x64.Build.0 = MinSizeRel|x64
		{6428181E-EAEF-3E7B-BBDC-9C591E980828}.RelWithDebInfo|x64.ActiveCfg = RelWithDebInfo|x64
		{6428181E-EAEF-3E7B-BBDC-9C591E980828}.RelWithDebInfo|x64.Build.0 = RelWithDebInfo|x64
		{73503785-69E4-3A4E-BE15-4A99A45CD4D0}.Debug|x64.ActiveCfg = Debug|x64
		{73503785-69E4-3A4E-BE15-4A99A45CD4D0}.Debug|x64.Build.0 = Debug|x64
		{73503785-69E4-3A4E-BE15-4A99A45CD4D0}.Release|x64.ActiveCfg = Release|x64
		{73503785-69E4-3A4E-BE15-4A99A45CD4D0}.Release|x64.Build.0 = Release|x64
		{73503785-69E4-3A4E-BE15-4A99A45CD4D0}.MinSizeRel|x64.ActiveCfg = MinSizeRel|x64
		{73503785-69E4-3A4E-BE15-4A99A45CD4D0}.MinSizeRel|x64.Build.0 = MinSizeRel|x64
		{73503785-69E4-3A4E-BE15-4A99A45CD4D0}.RelWithDebInfo|x64.ActiveCfg = RelWithDebInfo|x64
		{73503785-69E4-3A4E-BE15-4A99A45CD4D0}.RelWithDebInfo|x64.Build.0 = RelWithDebInfo|x64
		{263CC657-5222-3479-AFED-26599417B87A}.Debug|x64.ActiveCfg = Debug|x64
		{263CC657-5222-3479-AFED-26599417B87A}.Debug|x64.Build.0 = Debug|x64
		{263CC657-5222-3479-AFED-26599417B87A}.Release|x64.ActiveCfg = Release|x64
		{263CC657-5222-3479-AFED-26599417B87A}.Release|x64.Build.0 = Release|x64
		{263CC657-5222-3479-AFED-26599417B87A}.MinSizeRel|x64.ActiveCfg = MinSizeRel|x64
		{263CC657-5222-3479-AFED-26599417B87A}.MinSizeRel|x64.Build.0 = MinSizeRel|x64
		{263CC657-5222-3479-AFED-26599417B87A}.RelWithDebInfo|x64.ActiveCfg = RelWithDebInfo|x64
		{263CC657-5222-3479-AFED-26599417B87A}.RelWithDebInfo|x64.Build.0 = RelWithDebInfo|x64
		{FDE8011F-D6FA-3EDA-87E2-2F649D1B5D0E}.Debug|x64.ActiveCfg = Debug|x64
		{FDE8011F-D6FA-3EDA-87E2-2F649D1B5D0E}.Debug|x64.Build.0 = Debug|x64
		{FDE8011F-D6FA-3EDA-87E2-2F649D1B5D0E}.Release|x64.ActiveCfg = Release|x64
		{FDE8011F-D6FA-3EDA-87E2-2F649D1B5D0E}.Release|x64.Build.0 = Release|x64
		{FDE8011F-D6FA-3EDA-87E2-2F649D1B5D0E}.MinSizeRel|x64.ActiveCfg = MinSizeRel|x64
		{FDE8011F-D6FA-3EDA-87E2-2F649D1B5D0E}.MinSizeRel|x64.Build.0 = MinSizeRel|x64
		{FDE8011F-D6FA-3EDA-87E2-2F649D1B5D0E}.RelWithDebInfo|x64.ActiveCfg = RelWithDebInfo|x64
		{FDE8011F-D6FA-3EDA-87E2-2F649D1B5D0E}.RelWithDebInfo|x64.Build.0 = RelWithDebInfo|x64
		{03C7E494-E976-32EA-BA62-D813E0A5F800}.Debug|x64.ActiveCfg = Debug|x64
		{03C7E494-E976-32EA-BA62-D813E0A5F800}.Debug|x64.Build.0 = Debug|x64
		{03C7E494-E976-32EA-BA62-D813E0A5F800}.Release|x64.ActiveCfg = Release|x64
		{03C7E494-E976-32EA-BA62-D813E0A5F800}.Release|x64.Build.0 = Release|x64
		{03C7E494-E976-32EA-BA62-D813E0A5F800}.MinSizeRel|x64.ActiveCfg = MinSizeRel|x64
		{03C7E494-E976-32EA-BA62-D813E0A5F800}.MinSizeRel|x64.Build.0 = MinSizeRel|x64
		{03C7E494-E976-32EA-BA62-D813E0A5F800}.RelWithDebInfo|x64.ActiveCfg = RelWithDebInfo|x64
		{03C7E494-E976-32EA-BA62-D813E0A5F800}.RelWithDebInfo|x64.Build.0 = RelWithDebInfo|x64
		{72E935DC-5F5E-3BA8-A73E-82D82855A134}.Debug|x64.ActiveCfg = Debug|x64
		{72E935DC-5F5E-3BA8-A73E-82D82855A134}.Debug|x64.Build.0 = Debug|x64
		{72E935DC-5F5E-3BA8-A73E-82D82855A134}.Release|x64.ActiveCfg = Release|x64
		{72E935DC-5F5E-3BA8-A73E-82D82855A134}.Release|x64.Build.0 = Release|x64
		{72E935DC-5F5E-3BA8-A73E-82D82855A134}.MinSizeRel|x64.ActiveCfg = MinSizeRel|x64
		{72E935DC-5F5E-3BA8-A73E-82D82855A134}.MinSizeRel|x64.Build.0 = MinSizeRel|x64
		{72E935DC-5F5E-3BA8-A73E-82D82855A134}.RelWithDebInfo|x64.ActiveCfg = RelWithDebInfo|x64
		{72E935DC-5F5E-3BA8-A73E-82D82855A134}.RelWithDebInfo|x64.Build.0 = RelWithDebInfo|x64
		{BFAAF6B8-B7A9-3C51-80B6-5E58752C55DA}.Debug|x64.ActiveCfg = Debug|x64
		{BFAAF6B8-B7A9-3C51-80B6-5E58752C55DA}.Debug|x64.Build.0 = Debug|x64
		{BFAAF6B8-B7A9-3C51-80B6-5E58752C55DA}.Release|x64.ActiveCfg = Release|x64
		{BFAAF6B8-B7A9-3C51-80B6-5E58752C55DA}.Release|x64.Build.0 = Release|x64
		{BFAAF6B8-B7A9-3C51-80B6-5E58752C55DA}.MinSizeRel|x64.ActiveCfg = MinSizeRel|x64
		{BFAAF6B8-B7A9-3C51-80B6-5E58752C55DA}.MinSizeRel|x64.Build.0 = MinSizeRel|x64
		{BFAAF6B8-B7A9-3C51-80B6-5E58752C55DA}.RelWithDebInfo|x64.ActiveCfg = RelWithDebInfo|x64
		{BFAAF6B8-B7A9-3C51-80B6-5E58752C55DA}.RelWithDebInfo|x64.Build.0 = RelWithDebInfo|x64
		{8906A8C4-6B57-319E-A3AE-F0ECBF56DDB8}.Debug|x64.ActiveCfg = Debug|x64
		{8906A8C4-6B57-319E-A3AE-F0ECBF56DDB8}.Debug|x64.Build.0 = Debug|x64
		{8906A8C4-6B57-319E-A3AE-F0ECBF56DDB8}.Release|x64.ActiveCfg = Release|x64
		{8906A8C4-6B57-319E-A3AE-F0ECBF56DDB8}.Release|x64.Build.0 = Release|x64
		{8906A8C4-6B57-319E-A3AE-F0ECBF56DDB8}.MinSizeRel|x64.ActiveCfg = MinSizeRel|x64
		{8906A8C4-6B57-319E-A3AE-F0ECBF56DDB8}.MinSizeRel|x64.Build.0 = MinSizeRel|x64
		{8906A8C4-6B57-319E-A3AE-F0ECBF56DDB8}.RelWithDebInfo|x64.ActiveCfg = RelWithDebInfo|x64
		{8906A8C4-6B57-319E-A3AE-F0ECBF56DDB8}.RelWithDebInfo|x64.Build.0 = RelWithDebInfo|x64
		{861A152F-90A9-3952-A79F-44F23A39343B}.Debug|x64.ActiveCfg = Debug|x64
		{861A152F-90A9-3952-A79F-44F23A39343B}.Debug|x64.Build.0 = Debug|x64
		{861A152F-90A9-3952-A79F-44F23A39343B}.Release|x64.ActiveCfg = Release|x64
		{861A152F-90A9-3952-A79F-44F23A39343B}.Release|x64.Build.0 = Release|x64
		{861A152F-90A9-3952-A79F-44F23A39343B}.MinSizeRel|x64.ActiveCfg = MinSizeRel|x64
		{861A152F-90A9-3952-A79F-44F23A39343B}.MinSizeRel|x64.Build.0 = MinSizeRel|x64
		{861A152F-90A9-3952-A79F-44F23A39343B}.RelWithDebInfo|x64.ActiveCfg = RelWithDebInfo|x64
		{861A152F-90A9-3952-A79F-44F23A39343B}.RelWithDebInfo|x64.Build.0 = RelWithDebInfo|x64
		{5A4B2B33-4FF4-3437-9390-110CF9868BB8}.Debug|x64.ActiveCfg = Debug|x64
		{5A4B2B33-4FF4-3437-9390-110CF9868BB8}.Release|x64.ActiveCfg = Release|x64
		{5A4B2B33-4FF4-3437-9390-110CF9868BB8}.MinSizeRel|x64.ActiveCfg = MinSizeRel|x64
		{5A4B2B33-4FF4-3437-9390-110CF9868BB8}.RelWithDebInfo|x64.ActiveCfg = RelWithDebInfo|x64
		{47CA1795-90DD-3FD8-8B77-544B42B704E5}.Debug|x64.ActiveCfg = Debug|x64
		{47CA1795-90DD-3FD8-8B77-544B42B704E5}.Debug|x64.Build.0 = Debug|x64
		{47CA1795-90DD-3FD8-8B77-544B42B704E5}.Release|x64.ActiveCfg = Release|x64
		{47CA1795-90DD-3FD8-8B77-544B42B704E5}.Release|x64.Build.0 = Release|x64
		{47CA1795-90DD-3FD8-8B77-544B42B704E5}.MinSizeRel|x64.ActiveCfg = MinSizeRel|x64
		{47CA1795-90DD-3FD8-8B77-544B42B704E5}.MinSizeRel|x64.Build.0 = MinSizeRel|x64
		{47CA1795-90DD-3FD8-8B77-544B42B704E5}.RelWithDebInfo|x64.ActiveCfg = RelWithDebInfo|x64
		{47CA1795-90DD-3FD8-8B77-544B42B704E5}.RelWithDebInfo|x64.Build.0 = RelWithDebInfo|x64
		{0AD7430B-A2EF-3AB0-BA96-6FB1A7EF1753}.Debug|x64.ActiveCfg = Debug|x64
		{0AD7430B-A2EF-3AB0-BA96-6FB1A7EF1753}.Debug|x64.Build.0 = Debug|x64
		{0AD7430B-A2EF-3AB0-BA96-6FB1A7EF1753}.Release|x64.ActiveCfg = Release|x64
		{0AD7430B-A2EF-3AB0-BA96-6FB1A7EF1753}.Release|x64.Build.0 = Release|x64
		{0AD7430B-A2EF-3AB0-BA96-6FB1A7EF1753}.MinSizeRel|x64.ActiveCfg = MinSizeRel|x64
		{0AD7430B-A2EF-3AB0-BA96-6FB1A7EF1753}.MinSizeRel|x64.Build.0 = MinSizeRel|x64
		{0AD7430B-A2EF-3AB0-BA96-6FB1A7EF1753}.RelWithDebInfo|x64.ActiveCfg = RelWithDebInfo|x64
		{0AD7430B-A2EF-3AB0-BA96-6FB1A7EF1753}.RelWithDebInfo|x64.Build.0 = RelWithDebInfo|x64
	EndGlobalSection
	GlobalSection(NestedProjects) = preSolution
		{6447A6F5-452C-320F-9B75-6792EB9C5F58} = {6EE2F2CB-6DCE-3060-B845-15E7C99A176D}
		{22DEAB72-BD64-3878-AF1D-2F4779A9F105} = {6EE2F2CB-6DCE-3060-B845-15E7C99A176D}
		{3677D384-3260-32F0-9AEC-BF2095648FF0} = {6EE2F2CB-6DCE-3060-B845-15E7C99A176D}
		{AB1A9010-A3ED-3D2A-9B6F-17BAED684988} = {580A90F3-B938-3AEF-9B67-7CD6E6C697D8}
		{4BE68430-CFE4-3131-A652-156B349F08A5} = {580A90F3-B938-3AEF-9B67-7CD6E6C697D8}
		{E7F61001-C2A6-3D0F-AAFC-683F5E7E5E82} = {580A90F3-B938-3AEF-9B67-7CD6E6C697D8}
		{5E17D03F-1CDB-3AEF-96D7-2E7A6B9E3AAE} = {AB1A9010-A3ED-3D2A-9B6F-17BAED684988}
		{CB709B6D-0C48-3C72-9759-83D0A06E0B72} = {AB1A9010-A3ED-3D2A-9B6F-17BAED684988}
		{00B7B659-C5B3-37F0-83F7-773654F32911} = {AB1A9010-A3ED-3D2A-9B6F-17BAED684988}
		{6428181E-EAEF-3E7B-BBDC-9C591E980828} = {AB1A9010-A3ED-3D2A-9B6F-17BAED684988}
		{FDE8011F-D6FA-3EDA-87E2-2F649D1B5D0E} = {AB1A9010-A3ED-3D2A-9B6F-17BAED684988}
		{03C7E494-E976-32EA-BA62-D813E0A5F800} = {AB1A9010-A3ED-3D2A-9B6F-17BAED684988}
		{47CA1795-90DD-3FD8-8B77-544B42B704E5} = {AB1A9010-A3ED-3D2A-9B6F-17BAED684988}
		{DDCA4D54-6572-38E6-A79F-89897E8790D1} = {4BE68430-CFE4-3131-A652-156B349F08A5}
		{75A2ED4B-49BC-37A5-8763-E62F9E806738} = {4BE68430-CFE4-3131-A652-156B349F08A5}
		{7BB2134F-E8B8-3A94-B323-E8E4D8DD13AE} = {4BE68430-CFE4-3131-A652-156B349F08A5}
		{3F7F1190-1B5A-3B2B-BE6F-68BCC6C6D4AB} = {4BE68430-CFE4-3131-A652-156B349F08A5}
		{E94C057B-8BAC-3CFA-8596-0882ED086AAF} = {4BE68430-CFE4-3131-A652-156B349F08A5}
		{BBA0161F-6F56-3754-A527-04B3D5578941} = {4BE68430-CFE4-3131-A652-156B349F08A5}
		{5CFD5AB2-360D-3A9B-9520-2E0EAB10850A} = {4BE68430-CFE4-3131-A652-156B349F08A5}
		{0B43D488-F21C-3A89-B751-06A25388274D} = {4BE68430-CFE4-3131-A652-156B349F08A5}
		{1FCC8661-760B-31C2-A74F-EF3D3BF129F9} = {4BE68430-CFE4-3131-A652-156B349F08A5}
		{9201632C-7928-3026-98D6-D5B8DE393185} = {4BE68430-CFE4-3131-A652-156B349F08A5}
		{B8F2B6F0-6958-38D2-8A68-3E80173C63C9} = {4BE68430-CFE4-3131-A652-156B349F08A5}
		{73503785-69E4-3A4E-BE15-4A99A45CD4D0} = {4BE68430-CFE4-3131-A652-156B349F08A5}
		{263CC657-5222-3479-AFED-26599417B87A} = {4BE68430-CFE4-3131-A652-156B349F08A5}
		{72E935DC-5F5E-3BA8-A73E-82D82855A134} = {4BE68430-CFE4-3131-A652-156B349F08A5}
		{BFAAF6B8-B7A9-3C51-80B6-5E58752C55DA} = {4BE68430-CFE4-3131-A652-156B349F08A5}
		{8906A8C4-6B57-319E-A3AE-F0ECBF56DDB8} = {4BE68430-CFE4-3131-A652-156B349F08A5}
		{861A152F-90A9-3952-A79F-44F23A39343B} = {4BE68430-CFE4-3131-A652-156B349F08A5}
		{0AD7430B-A2EF-3AB0-BA96-6FB1A7EF1753} = {4BE68430-CFE4-3131-A652-156B349F08A5}
	EndGlobalSection
	GlobalSection(ExtensibilityGlobals) = postSolution
		SolutionGuid = {07E91A9B-B83D-302E-9402-6B0CB8020BFE}
	EndGlobalSection
	GlobalSection(ExtensibilityAddIns) = postSolution
	EndGlobalSection
EndGlobal
